
Microsoft Visual Studio Solution File, Format Version 12.00
# Visual Studio 2012
Project("{FAE04EC0-301F-11D3-BF4B-00C04F79EFBC}") = "02. Bookstore.Data", "Bookstore.Data\02. Bookstore.Data.csproj", "{2D5D5D8F-F86C-4E0E-91B7-782029FD46CD}"
EndProject
Project("{FAE04EC0-301F-11D3-BF4B-00C04F79EFBC}") = "04. BookStore.ConsoleTestClient", "ConsoleApplication1\04. BookStore.ConsoleTestClient.csproj", "{A43D1FF6-B28D-4C96-A220-36952280EB3E}"
EndProject
Project("{FAE04EC0-301F-11D3-BF4B-00C04F79EFBC}") = "03. Bookstore.Services", "Bookstore.Services\03. Bookstore.Services.csproj", "{B0B1EAC8-0B0F-4D8F-9FD6-8FF397527A83}"
EndProject
Project("{FAE04EC0-301F-11D3-BF4B-00C04F79EFBC}") = "01. Bookstore.Models", "Bookstore.Models\01. Bookstore.Models.csproj", "{9AA4C275-7A00-47E9-8512-1125E2FA8B89}"
EndProject
Global
	GlobalSection(SolutionConfigurationPlatforms) = preSolution
		Debug|Any CPU = Debug|Any CPU
		Release|Any CPU = Release|Any CPU
	EndGlobalSection
	GlobalSection(ProjectConfigurationPlatforms) = postSolution
		{2D5D5D8F-F86C-4E0E-91B7-782029FD46CD}.Debug|Any CPU.ActiveCfg = Debug|Any CPU
		{2D5D5D8F-F86C-4E0E-91B7-782029FD46CD}.Debug|Any CPU.Build.0 = Debug|Any CPU
		{2D5D5D8F-F86C-4E0E-91B7-782029FD46CD}.Release|Any CPU.ActiveCfg = Release|Any CPU
		{2D5D5D8F-F86C-4E0E-91B7-782029FD46CD}.Release|Any CPU.Build.0 = Release|Any CPU
		{A43D1FF6-B28D-4C96-A220-36952280EB3E}.Debug|Any CPU.ActiveCfg = Debug|Any CPU
		{A43D1FF6-B28D-4C96-A220-36952280EB3E}.Debug|Any CPU.Build.0 = Debug|Any CPU
		{A43D1FF6-B28D-4C96-A220-36952280EB3E}.Release|Any CPU.ActiveCfg = Release|Any CPU
		{A43D1FF6-B28D-4C96-A220-36952280EB3E}.Release|Any CPU.Build.0 = Release|Any CPU
		{B0B1EAC8-0B0F-4D8F-9FD6-8FF397527A83}.Debug|Any CPU.ActiveCfg = Debug|Any CPU
		{B0B1EAC8-0B0F-4D8F-9FD6-8FF397527A83}.Debug|Any CPU.Build.0 = Debug|Any CPU
		{B0B1EAC8-0B0F-4D8F-9FD6-8FF397527A83}.Release|Any CPU.ActiveCfg = Release|Any CPU
		{B0B1EAC8-0B0F-4D8F-9FD6-8FF397527A83}.Release|Any CPU.Build.0 = Release|Any CPU
		{9AA4C275-7A00-47E9-8512-1125E2FA8B89}.Debug|Any CPU.ActiveCfg = Debug|Any CPU
		{9AA4C275-7A00-47E9-8512-1125E2FA8B89}.Debug|Any CPU.Build.0 = Debug|Any CPU
		{9AA4C275-7A00-47E9-8512-1125E2FA8B89}.Release|Any CPU.ActiveCfg = Release|Any CPU
		{9AA4C275-7A00-47E9-8512-1125E2FA8B89}.Release|Any CPU.Build.0 = Release|Any CPU
	EndGlobalSection
	GlobalSection(SolutionProperties) = preSolution
		HideSolutionNode = FALSE
	EndGlobalSection
EndGlobal
